
Microsoft Visual Studio Solution File, Format Version 12.00
# Visual Studio Version 17
VisualStudioVersion = 17.6.33815.320
MinimumVisualStudioVersion = 10.0.40219.1
Project("{FAE04EC0-301F-11D3-BF4B-00C04F79EFBC}") = "PJ_HolaMundo", "PJ_HolaMundo\PJ_HolaMundo.csproj", "{6436A2B7-3DF1-4C1D-93EF-31FDC045135A}"
EndProject
Project("{FAE04EC0-301F-11D3-BF4B-00C04F79EFBC}") = "PJ_DatosPrimitivos", "PJ_DatosPrimitivos\PJ_DatosPrimitivos.csproj", "{D684ABB8-6714-4877-AF3A-A7D11F11ADD4}"
EndProject
Global
	GlobalSection(SolutionConfigurationPlatforms) = preSolution
		Debug|Any CPU = Debug|Any CPU
		Release|Any CPU = Release|Any CPU
	EndGlobalSection
	GlobalSection(ProjectConfigurationPlatforms) = postSolution
		{6436A2B7-3DF1-4C1D-93EF-31FDC045135A}.Debug|Any CPU.ActiveCfg = Debug|Any CPU
		{6436A2B7-3DF1-4C1D-93EF-31FDC045135A}.Debug|Any CPU.Build.0 = Debug|Any CPU
		{6436A2B7-3DF1-4C1D-93EF-31FDC045135A}.Release|Any CPU.ActiveCfg = Release|Any CPU
		{6436A2B7-3DF1-4C1D-93EF-31FDC045135A}.Release|Any CPU.Build.0 = Release|Any CPU
		{D684ABB8-6714-4877-AF3A-A7D11F11ADD4}.Debug|Any CPU.ActiveCfg = Debug|Any CPU
		{D684ABB8-6714-4877-AF3A-A7D11F11ADD4}.Debug|Any CPU.Build.0 = Debug|Any CPU
		{D684ABB8-6714-4877-AF3A-A7D11F11ADD4}.Release|Any CPU.ActiveCfg = Release|Any CPU
		{D684ABB8-6714-4877-AF3A-A7D11F11ADD4}.Release|Any CPU.Build.0 = Release|Any CPU
	EndGlobalSection
	GlobalSection(SolutionProperties) = preSolution
		HideSolutionNode = FALSE
	EndGlobalSection
	GlobalSection(ExtensibilityGlobals) = postSolution
		SolutionGuid = {F72884C3-7CCC-439C-BFC5-46BA50064657}
	EndGlobalSection
EndGlobal
